
Microsoft Visual Studio Solution File, Format Version 12.00
# Visual Studio Version 17
VisualStudioVersion = 17.7.34302.85
MinimumVisualStudioVersion = 10.0.40219.1
Project("{9A19103F-16F7-4668-BE54-9A1E7A4F7556}") = "ReactiveProgramming", "ReactiveProgramming\ReactiveProgramming.csproj", "{2E551F52-AB9C-43B4-B2D2-C3E7FB593133}"
EndProject
Project("{FAE04EC0-301F-11D3-BF4B-00C04F79EFBC}") = "ReactiveProgramming.Tests", "ReactiveProgramming.Tests\ReactiveProgramming.Tests.csproj", "{463D1DB2-52E6-44B2-B0DB-2CB33B049439}"
EndProject
Project("{2150E333-8FDC-42A3-9474-1A3956D46DE8}") = "Solution Items", "Solution Items", "{E16ACE76-251B-47C9-9D61-AD2F49101D1E}"
EndProject
Global
	GlobalSection(SolutionConfigurationPlatforms) = preSolution
		Debug|Any CPU = Debug|Any CPU
		Release|Any CPU = Release|Any CPU
	EndGlobalSection
	GlobalSection(ProjectConfigurationPlatforms) = postSolution
		{2E551F52-AB9C-43B4-B2D2-C3E7FB593133}.Debug|Any CPU.ActiveCfg = Debug|Any CPU
		{2E551F52-AB9C-43B4-B2D2-C3E7FB593133}.Debug|Any CPU.Build.0 = Debug|Any CPU
		{2E551F52-AB9C-43B4-B2D2-C3E7FB593133}.Release|Any CPU.ActiveCfg = Release|Any CPU
		{2E551F52-AB9C-43B4-B2D2-C3E7FB593133}.Release|Any CPU.Build.0 = Release|Any CPU
		{463D1DB2-52E6-44B2-B0DB-2CB33B049439}.Debug|Any CPU.ActiveCfg = Debug|Any CPU
		{463D1DB2-52E6-44B2-B0DB-2CB33B049439}.Debug|Any CPU.Build.0 = Debug|Any CPU
		{463D1DB2-52E6-44B2-B0DB-2CB33B049439}.Release|Any CPU.ActiveCfg = Release|Any CPU
		{463D1DB2-52E6-44B2-B0DB-2CB33B049439}.Release|Any CPU.Build.0 = Release|Any CPU
	EndGlobalSection
	GlobalSection(SolutionProperties) = preSolution
		HideSolutionNode = FALSE
	EndGlobalSection
	GlobalSection(ExtensibilityGlobals) = postSolution
		SolutionGuid = {599E4CC7-D47C-4D13-B81D-607509012711}
	EndGlobalSection
EndGlobal
